
Microsoft Visual Studio Solution File, Format Version 12.00
# Visual Studio Version 17
VisualStudioVersion = 17.8.34525.116
MinimumVisualStudioVersion = 10.0.40219.1
Project("{FAE04EC0-301F-11D3-BF4B-00C04F79EFBC}") = "Task_7", "Task_7\Task_7.csproj", "{9355B581-000E-464A-AF5A-9781C75779EE}"
EndProject
Global
	GlobalSection(SolutionConfigurationPlatforms) = preSolution
		Debug|Any CPU = Debug|Any CPU
		Release|Any CPU = Release|Any CPU
	EndGlobalSection
	GlobalSection(ProjectConfigurationPlatforms) = postSolution
		{9355B581-000E-464A-AF5A-9781C75779EE}.Debug|Any CPU.ActiveCfg = Debug|Any CPU
		{9355B581-000E-464A-AF5A-9781C75779EE}.Debug|Any CPU.Build.0 = Debug|Any CPU
		{9355B581-000E-464A-AF5A-9781C75779EE}.Release|Any CPU.ActiveCfg = Release|Any CPU
		{9355B581-000E-464A-AF5A-9781C75779EE}.Release|Any CPU.Build.0 = Release|Any CPU
	EndGlobalSection
	GlobalSection(SolutionProperties) = preSolution
		HideSolutionNode = FALSE
	EndGlobalSection
	GlobalSection(ExtensibilityGlobals) = postSolution
		SolutionGuid = {969B226C-9061-4D07-A974-4181F0707739}
	EndGlobalSection
EndGlobal
